
Microsoft Visual Studio Solution File, Format Version 12.00
# Visual Studio Version 16
VisualStudioVersion = 16.0.31624.102
MinimumVisualStudioVersion = 10.0.40219.1
Project("{FAE04EC0-301F-11D3-BF4B-00C04F79EFBC}") = "ApiCatalogoJogos", "ApiCatalogoJogos\ApiCatalogoJogos.csproj", "{856C7A07-9658-4336-9A8B-52AA103C7F42}"
EndProject
Global
	GlobalSection(SolutionConfigurationPlatforms) = preSolution
		Debug|Any CPU = Debug|Any CPU
		Release|Any CPU = Release|Any CPU
	EndGlobalSection
	GlobalSection(ProjectConfigurationPlatforms) = postSolution
		{856C7A07-9658-4336-9A8B-52AA103C7F42}.Debug|Any CPU.ActiveCfg = Debug|Any CPU
		{856C7A07-9658-4336-9A8B-52AA103C7F42}.Debug|Any CPU.Build.0 = Debug|Any CPU
		{856C7A07-9658-4336-9A8B-52AA103C7F42}.Release|Any CPU.ActiveCfg = Release|Any CPU
		{856C7A07-9658-4336-9A8B-52AA103C7F42}.Release|Any CPU.Build.0 = Release|Any CPU
	EndGlobalSection
	GlobalSection(SolutionProperties) = preSolution
		HideSolutionNode = FALSE
	EndGlobalSection
	GlobalSection(ExtensibilityGlobals) = postSolution
		SolutionGuid = {5E570AB1-6B53-4327-8B0D-034FBBF39D12}
	EndGlobalSection
EndGlobal
